// !$*UTF8*$!
{
	archiveVersion = 1;
	classes = {
	};
	objectVersion = 50;
	objects = {

/* Begin PBXBuildFile section */
		2B231CC125EEEE1C00C50144 /* WizardingQuotesApp.swift in Sources */ = {isa = PBXBuildFile; fileRef = 2B231CC025EEEE1C00C50144 /* WizardingQuotesApp.swift */; };
		2B231CC325EEEE1C00C50144 /* ContentView.swift in Sources */ = {isa = PBXBuildFile; fileRef = 2B231CC225EEEE1C00C50144 /* ContentView.swift */; };
		2B231CC525EEEE1D00C50144 /* Assets.xcassets in Resources */ = {isa = PBXBuildFile; fileRef = 2B231CC425EEEE1D00C50144 /* Assets.xcassets */; };
		2B231CC825EEEE1D00C50144 /* Preview Assets.xcassets in Resources */ = {isa = PBXBuildFile; fileRef = 2B231CC725EEEE1D00C50144 /* Preview Assets.xcassets */; };
		2B231CD125EEEE4000C50144 /* AddQuoteView.swift in Sources */ = {isa = PBXBuildFile; fileRef = 2B231CD025EEEE4000C50144 /* AddQuoteView.swift */; };
		2B231CD725EEEE9D00C50144 /* Quote.swift in Sources */ = {isa = PBXBuildFile; fileRef = 2B231CD625EEEE9D00C50144 /* Quote.swift */; };
		2B231CDA25EEEF6200C50144 /* QuoteViewModel.swift in Sources */ = {isa = PBXBuildFile; fileRef = 2B231CD925EEEF6200C50144 /* QuoteViewModel.swift */; };
/* End PBXBuildFile section */

/* Begin PBXFileReference section */
		2B231CBD25EEEE1C00C50144 /* WizardingQuotes.app */ = {isa = PBXFileReference; explicitFileType = wrapper.application; includeInIndex = 0; path = WizardingQuotes.app; sourceTree = BUILT_PRODUCTS_DIR; };
		2B231CC025EEEE1C00C50144 /* WizardingQuotesApp.swift */ = {isa = PBXFileReference; lastKnownFileType = sourcecode.swift; path = WizardingQuotesApp.swift; sourceTree = "<group>"; };
		2B231CC225EEEE1C00C50144 /* ContentView.swift */ = {isa = PBXFileReference; lastKnownFileType = sourcecode.swift; path = ContentView.swift; sourceTree = "<group>"; };
		2B231CC425EEEE1D00C50144 /* Assets.xcassets */ = {isa = PBXFileReference; lastKnownFileType = folder.assetcatalog; path = Assets.xcassets; sourceTree = "<group>"; };
		2B231CC725EEEE1D00C50144 /* Preview Assets.xcassets */ = {isa = PBXFileReference; lastKnownFileType = folder.assetcatalog; path = "Preview Assets.xcassets"; sourceTree = "<group>"; };
		2B231CC925EEEE1D00C50144 /* Info.plist */ = {isa = PBXFileReference; lastKnownFileType = text.plist.xml; path = Info.plist; sourceTree = "<group>"; };
		2B231CD025EEEE4000C50144 /* AddQuoteView.swift */ = {isa = PBXFileReference; lastKnownFileType = sourcecode.swift; path = AddQuoteView.swift; sourceTree = "<group>"; };
		2B231CD625EEEE9D00C50144 /* Quote.swift */ = {isa = PBXFileReference; lastKnownFileType = sourcecode.swift; path = Quote.swift; sourceTree = "<group>"; };
		2B231CD925EEEF6200C50144 /* QuoteViewModel.swift */ = {isa = PBXFileReference; lastKnownFileType = sourcecode.swift; path = QuoteViewModel.swift; sourceTree = "<group>"; };
/* End PBXFileReference section */

/* Begin PBXFrameworksBuildPhase section */
		2B231CBA25EEEE1C00C50144 /* Frameworks */ = {
			isa = PBXFrameworksBuildPhase;
			buildActionMask = 2147483647;
			files = (
			);
			runOnlyForDeploymentPostprocessing = 0;
		};
/* End PBXFrameworksBuildPhase section */

/* Begin PBXGroup section */
		2B231CB425EEEE1C00C50144 = {
			isa = PBXGroup;
			children = (
				2B231CBF25EEEE1C00C50144 /* WizardingQuotes */,
				2B231CBE25EEEE1C00C50144 /* Products */,
			);
			sourceTree = "<group>";
		};
		2B231CBE25EEEE1C00C50144 /* Products */ = {
			isa = PBXGroup;
			children = (
				2B231CBD25EEEE1C00C50144 /* WizardingQuotes.app */,
			);
			name = Products;
			sourceTree = "<group>";
		};
		2B231CBF25EEEE1C00C50144 /* WizardingQuotes */ = {
			isa = PBXGroup;
			children = (
				2B231CD525EEEE8D00C50144 /* Models */,
				2B231CD425EEEE8100C50144 /* ViewModels */,
				2B231CD325EEEE7500C50144 /* Views */,
				2B231CC025EEEE1C00C50144 /* WizardingQuotesApp.swift */,
				2B231CC225EEEE1C00C50144 /* ContentView.swift */,
				2B231CC425EEEE1D00C50144 /* Assets.xcassets */,
				2B231CC925EEEE1D00C50144 /* Info.plist */,
				2B231CC625EEEE1D00C50144 /* Preview Content */,
				2B231CD025EEEE4000C50144 /* AddQuoteView.swift */,
			);
			path = WizardingQuotes;
			sourceTree = "<group>";
		};
		2B231CC625EEEE1D00C50144 /* Preview Content */ = {
			isa = PBXGroup;
			children = (
				2B231CC725EEEE1D00C50144 /* Preview Assets.xcassets */,
			);
			path = "Preview Content";
			sourceTree = "<group>";
		};
		2B231CD325EEEE7500C50144 /* Views */ = {
			isa = PBXGroup;
			children = (
			);
			path = Views;
			sourceTree = "<group>";
		};
		2B231CD425EEEE8100C50144 /* ViewModels */ = {
			isa = PBXGroup;
			children = (
				2B231CD925EEEF6200C50144 /* QuoteViewModel.swift */,
			);
			path = ViewModels;
			sourceTree = "<group>";
		};
		2B231CD525EEEE8D00C50144 /* Models */ = {
			isa = PBXGroup;
			children = (
				2B231CD625EEEE9D00C50144 /* Quote.swift */,
			);
			path = Models;
			sourceTree = "<group>";
		};
/* End PBXGroup section */

/* Begin PBXNativeTarget section */
		2B231CBC25EEEE1C00C50144 /* WizardingQuotes */ = {
			isa = PBXNativeTarget;
			buildConfigurationList = 2B231CCC25EEEE1D00C50144 /* Build configuration list for PBXNativeTarget "WizardingQuotes" */;
			buildPhases = (
				2B231CB925EEEE1C00C50144 /* Sources */,
				2B231CBA25EEEE1C00C50144 /* Frameworks */,
				2B231CBB25EEEE1C00C50144 /* Resources */,
			);
			buildRules = (
			);
			dependencies = (
			);
			name = WizardingQuotes;
			productName = WizardingQuotes;
			productReference = 2B231CBD25EEEE1C00C50144 /* WizardingQuotes.app */;
			productType = "com.apple.product-type.application";
		};
/* End PBXNativeTarget section */

/* Begin PBXProject section */
		2B231CB525EEEE1C00C50144 /* Project object */ = {
			isa = PBXProject;
			attributes = {
				LastSwiftUpdateCheck = 1240;
				LastUpgradeCheck = 1240;
				TargetAttributes = {
					2B231CBC25EEEE1C00C50144 = {
						CreatedOnToolsVersion = 12.4;
					};
				};
			};
			buildConfigurationList = 2B231CB825EEEE1C00C50144 /* Build configuration list for PBXProject "WizardingQuotes" */;
			compatibilityVersion = "Xcode 9.3";
			developmentRegion = en;
			hasScannedForEncodings = 0;
			knownRegions = (
				en,
				Base,
			);
			mainGroup = 2B231CB425EEEE1C00C50144;
			productRefGroup = 2B231CBE25EEEE1C00C50144 /* Products */;
			projectDirPath = "";
			projectRoot = "";
			targets = (
				2B231CBC25EEEE1C00C50144 /* WizardingQuotes */,
			);
		};
/* End PBXProject section */

/* Begin PBXResourcesBuildPhase section */
		2B231CBB25EEEE1C00C50144 /* Resources */ = {
			isa = PBXResourcesBuildPhase;
			buildActionMask = 2147483647;
			files = (
				2B231CC825EEEE1D00C50144 /* Preview Assets.xcassets in Resources */,
				2B231CC525EEEE1D00C50144 /* Assets.xcassets in Resources */,
			);
			runOnlyForDeploymentPostprocessing = 0;
		};
/* End PBXResourcesBuildPhase section */

/* Begin PBXSourcesBuildPhase section */
		2B231CB925EEEE1C00C50144 /* Sources */ = {
			isa = PBXSourcesBuildPhase;
			buildActionMask = 2147483647;
			files = (
				2B231CD725EEEE9D00C50144 /* Quote.swift in Sources */,
				2B231CDA25EEEF6200C50144 /* QuoteViewModel.swift in Sources */,
				2B231CD125EEEE4000C50144 /* AddQuoteView.swift in Sources */,
				2B231CC325EEEE1C00C50144 /* ContentView.swift in Sources */,
				2B231CC125EEEE1C00C50144 /* WizardingQuotesApp.swift in Sources */,
			);
			runOnlyForDeploymentPostprocessing = 0;
		};
/* End PBXSourcesBuildPhase section */

/* Begin XCBuildConfiguration section */
		2B231CCA25EEEE1D00C50144 /* Debug */ = {
			isa = XCBuildConfiguration;
			buildSettings = {
				ALWAYS_SEARCH_USER_PATHS = NO;
				CLANG_ANALYZER_NONNULL = YES;
				CLANG_ANALYZER_NUMBER_OBJECT_CONVERSION = YES_AGGRESSIVE;
				CLANG_CXX_LANGUAGE_STANDARD = "gnu++14";
				CLANG_CXX_LIBRARY = "libc++";
				CLANG_ENABLE_MODULES = YES;
				CLANG_ENABLE_OBJC_ARC = YES;
				CLANG_ENABLE_OBJC_WEAK = YES;
				CLANG_WARN_BLOCK_CAPTURE_AUTORELEASING = YES;
				CLANG_WARN_BOOL_CONVERSION = YES;
				CLANG_WARN_COMMA = YES;
				CLANG_WARN_CONSTANT_CONVERSION = YES;
				CLANG_WARN_DEPRECATED_OBJC_IMPLEMENTATIONS = YES;
				CLANG_WARN_DIRECT_OBJC_ISA_USAGE = YES_ERROR;
				CLANG_WARN_DOCUMENTATION_COMMENTS = YES;
				CLANG_WARN_EMPTY_BODY = YES;
				CLANG_WARN_ENUM_CONVERSION = YES;
				CLANG_WARN_INFINITE_RECURSION = YES;
				CLANG_WARN_INT_CONVERSION = YES;
				CLANG_WARN_NON_LITERAL_NULL_CONVERSION = YES;
				CLANG_WARN_OBJC_IMPLICIT_RETAIN_SELF = YES;
				CLANG_WARN_OBJC_LITERAL_CONVERSION = YES;
				CLANG_WARN_OBJC_ROOT_CLASS = YES_ERROR;
				CLANG_WARN_QUOTED_INCLUDE_IN_FRAMEWORK_HEADER = YES;
				CLANG_WARN_RANGE_LOOP_ANALYSIS = YES;
				CLANG_WARN_STRICT_PROTOTYPES = YES;
				CLANG_WARN_SUSPICIOUS_MOVE = YES;
				CLANG_WARN_UNGUARDED_AVAILABILITY = YES_AGGRESSIVE;
				CLANG_WARN_UNREACHABLE_CODE = YES;
				CLANG_WARN__DUPLICATE_METHOD_MATCH = YES;
				COPY_PHASE_STRIP = NO;
				DEBUG_INFORMATION_FORMAT = dwarf;
				ENABLE_STRICT_OBJC_MSGSEND = YES;
				ENABLE_TESTABILITY = YES;
				GCC_C_LANGUAGE_STANDARD = gnu11;
				GCC_DYNAMIC_NO_PIC = NO;
				GCC_NO_COMMON_BLOCKS = YES;
				GCC_OPTIMIZATION_LEVEL = 0;
				GCC_PREPROCESSOR_DEFINITIONS = (
					"DEBUG=1",
					"$(inherited)",
				);
				GCC_WARN_64_TO_32_BIT_CONVERSION = YES;
				GCC_WARN_ABOUT_RETURN_TYPE = YES_ERROR;
				GCC_WARN_UNDECLARED_SELECTOR = YES;
				GCC_WARN_UNINITIALIZED_AUTOS = YES_AGGRESSIVE;
				GCC_WARN_UNUSED_FUNCTION = YES;
				GCC_WARN_UNUSED_VARIABLE = YES;
				IPHONEOS_DEPLOYMENT_TARGET = 14.4;
				MTL_ENABLE_DEBUG_INFO = INCLUDE_SOURCE;
				MTL_FAST_MATH = YES;
				ONLY_ACTIVE_ARCH = YES;
				SDKROOT = iphoneos;
				SWIFT_ACTIVE_COMPILATION_CONDITIONS = DEBUG;
				SWIFT_OPTIMIZATION_LEVEL = "-Onone";
			};
			name = Debug;
		};
		2B231CCB25EEEE1D00C50144 /* Release */ = {
			isa = XCBuildConfiguration;
			buildSettings = {
				ALWAYS_SEARCH_USER_PATHS = NO;
				CLANG_ANALYZER_NONNULL = YES;
				CLANG_ANALYZER_NUMBER_OBJECT_CONVERSION = YES_AGGRESSIVE;
				CLANG_CXX_LANGUAGE_STANDARD = "gnu++14";
				CLANG_CXX_LIBRARY = "libc++";
				CLANG_ENABLE_MODULES = YES;
				CLANG_ENABLE_OBJC_ARC = YES;
				CLANG_ENABLE_OBJC_WEAK = YES;
				CLANG_WARN_BLOCK_CAPTURE_AUTORELEASING = YES;
				CLANG_WARN_BOOL_CONVERSION = YES;
				CLANG_WARN_COMMA = YES;
				CLANG_WARN_CONSTANT_CONVERSION = YES;
				CLANG_WARN_DEPRECATED_OBJC_IMPLEMENTATIONS = YES;
				CLANG_WARN_DIRECT_OBJC_ISA_USAGE = YES_ERROR;
				CLANG_WARN_DOCUMENTATION_COMMENTS = YES;
				CLANG_WARN_EMPTY_BODY = YES;
				CLANG_WARN_ENUM_CONVERSION = YES;
				CLANG_WARN_INFINITE_RECURSION = YES;
				CLANG_WARN_INT_CONVERSION = YES;
				CLANG_WARN_NON_LITERAL_NULL_CONVERSION = YES;
				CLANG_WARN_OBJC_IMPLICIT_RETAIN_SELF = YES;
				CLANG_WARN_OBJC_LITERAL_CONVERSION = YES;
				CLANG_WARN_OBJC_ROOT_CLASS = YES_ERROR;
				CLANG_WARN_QUOTED_INCLUDE_IN_FRAMEWORK_HEADER = YES;
				CLANG_WARN_RANGE_LOOP_ANALYSIS = YES;
				CLANG_WARN_STRICT_PROTOTYPES = YES;
				CLANG_WARN_SUSPICIOUS_MOVE = YES;
				CLANG_WARN_UNGUARDED_AVAILABILITY = YES_AGGRESSIVE;
				CLANG_WARN_UNREACHABLE_CODE = YES;
				CLANG_WARN__DUPLICATE_METHOD_MATCH = YES;
				COPY_PHASE_STRIP = NO;
				DEBUG_INFORMATION_FORMAT = "dwarf-with-dsym";
				ENABLE_NS_ASSERTIONS = NO;
				ENABLE_STRICT_OBJC_MSGSEND = YES;
				GCC_C_LANGUAGE_STANDARD = gnu11;
				GCC_NO_COMMON_BLOCKS = YES;
				GCC_WARN_64_TO_32_BIT_CONVERSION = YES;
				GCC_WARN_ABOUT_RETURN_TYPE = YES_ERROR;
				GCC_WARN_UNDECLARED_SELECTOR = YES;
				GCC_WARN_UNINITIALIZED_AUTOS = YES_AGGRESSIVE;
				GCC_WARN_UNUSED_FUNCTION = YES;
				GCC_WARN_UNUSED_VARIABLE = YES;
				IPHONEOS_DEPLOYMENT_TARGET = 14.4;
				MTL_ENABLE_DEBUG_INFO = NO;
				MTL_FAST_MATH = YES;
				SDKROOT = iphoneos;
				SWIFT_COMPILATION_MODE = wholemodule;
				SWIFT_OPTIMIZATION_LEVEL = "-O";
				VALIDATE_PRODUCT = YES;
			};
			name = Release;
		};
		2B231CCD25EEEE1D00C50144 /* Debug */ = {
			isa = XCBuildConfiguration;
			buildSettings = {
				ASSETCATALOG_COMPILER_APPICON_NAME = AppIcon;
				ASSETCATALOG_COMPILER_GLOBAL_ACCENT_COLOR_NAME = AccentColor;
				CODE_SIGN_STYLE = Automatic;
				DEVELOPMENT_ASSET_PATHS = "\"WizardingQuotes/Preview Content\"";
				DEVELOPMENT_TEAM = 85Y7A7HSKG;
				ENABLE_PREVIEWS = YES;
				INFOPLIST_FILE = WizardingQuotes/Info.plist;
				IPHONEOS_DEPLOYMENT_TARGET = 14.0;
				LD_RUNPATH_SEARCH_PATHS = (
					"$(inherited)",
					"@executable_path/Frameworks",
				);
				PRODUCT_BUNDLE_IDENTIFIER = com.saschasalles.WizardingQuotes;
				PRODUCT_NAME = "$(TARGET_NAME)";
				SWIFT_VERSION = 5.0;
				TARGETED_DEVICE_FAMILY = "1,2";
			};
			name = Debug;
		};
		2B231CCE25EEEE1D00C50144 /* Release */ = {
			isa = XCBuildConfiguration;
			buildSettings = {
				ASSETCATALOG_COMPILER_APPICON_NAME = AppIcon;
				ASSETCATALOG_COMPILER_GLOBAL_ACCENT_COLOR_NAME = AccentColor;
				CODE_SIGN_STYLE = Automatic;
				DEVELOPMENT_ASSET_PATHS = "\"WizardingQuotes/Preview Content\"";
				DEVELOPMENT_TEAM = 85Y7A7HSKG;
				ENABLE_PREVIEWS = YES;
				INFOPLIST_FILE = WizardingQuotes/Info.plist;
				IPHONEOS_DEPLOYMENT_TARGET = 14.0;
				LD_RUNPATH_SEARCH_PATHS = (
					"$(inherited)",
					"@executable_path/Frameworks",
				);
				PRODUCT_BUNDLE_IDENTIFIER = com.saschasalles.WizardingQuotes;
				PRODUCT_NAME = "$(TARGET_NAME)";
				SWIFT_VERSION = 5.0;
				TARGETED_DEVICE_FAMILY = "1,2";
			};
			name = Release;
		};
/* End XCBuildConfiguration section */

/* Begin XCConfigurationList section */
		2B231CB825EEEE1C00C50144 /* Build configuration list for PBXProject "WizardingQuotes" */ = {
			isa = XCConfigurationList;
			buildConfigurations = (
				2B231CCA25EEEE1D00C50144 /* Debug */,
				2B231CCB25EEEE1D00C50144 /* Release */,
			);
			defaultConfigurationIsVisible = 0;
			defaultConfigurationName = Release;
		};
		2B231CCC25EEEE1D00C50144 /* Build configuration list for PBXNativeTarget "WizardingQuotes" */ = {
			isa = XCConfigurationList;
			buildConfigurations = (
				2B231CCD25EEEE1D00C50144 /* Debug */,
				2B231CCE25EEEE1D00C50144 /* Release */,
			);
			defaultConfigurationIsVisible = 0;
			defaultConfigurationName = Release;
		};
/* End XCConfigurationList section */
	};
	rootObject = 2B231CB525EEEE1C00C50144 /* Project object */;
}
